{
  "nodes": {
    "nixpkgs": {
      "locked": {
        "lastModified": 1615373830,
        "narHash": "sha256-PxZCX08I7rEVxyGDIYFx7mHJ01WQi9+rdXhI/b/Q+FM=",
        "owner": "NixOS",
        "repo": "nixpkgs",
        "rev": "89a06218ca0b931ab872a9c99aa479285183d3c7",
        "type": "github"
      },
      "original": {
        "id": "nixpkgs",
        "ref": "nixos-20.09",
        "type": "indirect"
      }
    },
    "node2nix": {
      "flake": false,
      "locked": {
        "lastModified": 1613594272,
        "narHash": "sha256-fcnPNexhowSkatLSl+0dat5oDaWKH53Pg+VKrE8+x+Q=",
        "owner": "svanderburg",
        "repo": "node2nix",
        "rev": "0c94281ea98f1b17532176106f90f909aa133704",
        "type": "github"
      },
      "original": {
        "owner": "svanderburg",
        "repo": "node2nix",
        "type": "github"
      }
    },
    "root": {
      "inputs": {
        "nixpkgs": "nixpkgs",
        "node2nix": "node2nix"
      }
    }
  },
  "root": "root",
  "version": 7
}
