{
  "nodes": {
    "flake-utils": {
      "locked": {
        "lastModified": 1629284811,
        "narHash": "sha256-JHgasjPR0/J1J3DRm4KxM4zTyAj4IOJY8vIl75v/kPI=",
        "owner": "numtide",
        "repo": "flake-utils",
        "rev": "c5d161cc0af116a2e17f54316f0bf43f0819785c",
        "type": "github"
      },
      "original": {
        "owner": "numtide",
        "repo": "flake-utils",
        "type": "github"
      }
    },
    "nixpkgs": {
      "locked": {
        "lastModified": 1629396495,
        "narHash": "sha256-hS/SmIIu1ElJtJXfyWHBiGD1Qh4W9tkbkubzsqrYLV4=",
        "owner": "NixOS",
        "repo": "nixpkgs",
        "rev": "ed2fdff7136730d596742f6326f87ed8d20af493",
        "type": "github"
      },
      "original": {
        "owner": "NixOS",
        "repo": "nixpkgs",
        "type": "github"
      }
    },
    "node2nix": {
      "flake": false,
      "locked": {
        "lastModified": 1613594272,
        "narHash": "sha256-fcnPNexhowSkatLSl+0dat5oDaWKH53Pg+VKrE8+x+Q=",
        "owner": "svanderburg",
        "repo": "node2nix",
        "rev": "0c94281ea98f1b17532176106f90f909aa133704",
        "type": "github"
      },
      "original": {
        "owner": "svanderburg",
        "repo": "node2nix",
        "type": "github"
      }
    },
    "root": {
      "inputs": {
        "flake-utils": "flake-utils",
        "nixpkgs": "nixpkgs",
        "node2nix": "node2nix"
      }
    }
  },
  "root": "root",
  "version": 7
}
