# THIS IS AN AUTOGENERATED FILE. DO NOT EDIT THIS FILE DIRECTLY.
# yarn lockfile v1


"@types/async@^3.2.3":
  version "3.2.16"
  resolved "https://registry.yarnpkg.com/@types/async/-/async-3.2.16.tgz#7473aa015cf8a60584a94dc79b9203d465c32b41"
  integrity sha512-jnlGp5Z/cAZ7JVYyLnSDuYJ+YyYm0o2yzL8Odv6ckWmGMow3j/P/wgfziybB044cXXA93lEuymJyxVR8Iz2amQ==

"@types/google.visualization@0.0.68":
  version "0.0.68"
  resolved "https://registry.yarnpkg.com/@types/google.visualization/-/google.visualization-0.0.68.tgz#773e908c02e08dffe689844f0972dd481516e704"
  integrity sha512-LkLniL1TYykhz+ZdRof3Bi8cp1OhqoK11Tj1RM2bPtGVBNexQ0eRnOrOWcWTdi80Sz9DzJ4JIG2rTlSJBVV58w==

"@types/iarna__toml@^2.0.1":
  version "2.0.2"
  resolved "https://registry.npmjs.org/@types/iarna__toml/-/iarna__toml-2.0.2.tgz"
  integrity sha512-Q3obxKhBLVVbEQ8zsAmsQVobAAZhi8dFFFjF0q5xKXiaHvH8IkSxcbM27e46M9feUMieR03SPpmp5CtaNzpdBg==
  dependencies:
    "@types/node" "*"

"@types/node@*":
  version "9.6.61"
  resolved "https://registry.npmjs.org/@types/node/-/node-9.6.61.tgz"
  integrity sha512-/aKAdg5c8n468cYLy2eQrcR5k6chlbNwZNGUj3TboyPa2hcO2QAJcfymlqPzMiRj8B6nYKXjzQz36minFE0RwQ==

"@types/node@^18.11.12":
  version "18.11.12"
  resolved "https://registry.yarnpkg.com/@types/node/-/node-18.11.12.tgz#89e7f8aa8c88abf432f9bd594888144d7dba10aa"
  integrity sha512-FgD3NtTAKvyMmD44T07zz2fEf+OKwutgBCEVM8GcvMGVGaDktiLNTDvPwC/LUe3PinMW+X6CuLOF2Ui1mAlSXg==

"@types/ws@^8.5.3":
  version "8.5.3"
  resolved "https://registry.yarnpkg.com/@types/ws/-/ws-8.5.3.tgz#7d25a1ffbecd3c4f2d35068d0b283c037003274d"
  integrity sha512-6YOoWjruKj1uLf3INHH7D3qTXwFfEsg1kf3c0uDdSBJwfa/llkwIjrAGV7j7mVgGNbzTQ3HiHKKDXl6bJPD97w==
  dependencies:
    "@types/node" "*"

async@^3.2.0:
  version "3.2.4"
  resolved "https://registry.yarnpkg.com/async/-/async-3.2.4.tgz#2d22e00f8cddeb5fde5dd33522b56d1cf569a81c"
  integrity sha512-iAB+JbDEGXhyIUavoDl9WP/Jj106Kz9DEn1DPgYw5ruDn0e3Wgi3sKFm55sASdGBNOQB8F59d9qQ7deqrHA8wQ==

base64url@^3.0.1:
  version "3.0.1"
  resolved "https://registry.npmjs.org/base64url/-/base64url-3.0.1.tgz"
  integrity sha512-ir1UPr3dkwexU7FdV8qBBbNDRUhMmIekYMFZfi+C/sLNnRESKPl23nB9b2pltqfOQNnGzsDdId90AEtG5tCx4A==

define-lazy-prop@^2.0.0:
  version "2.0.0"
  resolved "https://registry.npmjs.org/define-lazy-prop/-/define-lazy-prop-2.0.0.tgz"
  integrity sha512-Ds09qNh8yw3khSjiJjiUInaGX9xlqZDY7JVryGxdxV7NPeuqQfplOpQ66yJFZut3jLa5zOwkXw1g9EI2uKh4Og==

is-docker@^2.0.0, is-docker@^2.1.1:
  version "2.2.1"
  resolved "https://registry.npmjs.org/is-docker/-/is-docker-2.2.1.tgz"
  integrity sha512-F+i2BKsFrH66iaUFc0woD8sLy8getkwTwtOBjvs56Cx4CgJDeKQeqfz8wAYiSb8JOprWhHH5p77PbmYCvvUuXQ==

is-wsl@^2.2.0:
  version "2.2.0"
  resolved "https://registry.npmjs.org/is-wsl/-/is-wsl-2.2.0.tgz"
  integrity sha512-fKzAra0rGJUUBwGBgNkHZuToZcn+TtXHpeCgmkMJMMYx1sQDYaCSyjJBSCa2nH1DGm7s3n1oBnohoVTBaN7Lww==
  dependencies:
    is-docker "^2.0.0"

open@^8.0.4:
  version "8.4.0"
  resolved "https://registry.npmjs.org/open/-/open-8.4.0.tgz"
  integrity sha512-XgFPPM+B28FtCCgSb9I+s9szOC1vZRSwgWsRUA5ylIxRTgKozqjOCrVOqGsYABPYK5qnfqClxZTFBa8PKt2v6Q==
  dependencies:
    define-lazy-prop "^2.0.0"
    is-docker "^2.1.1"
    is-wsl "^2.2.0"

toml@^3.0.0:
  version "3.0.0"
  resolved "https://registry.npmjs.org/toml/-/toml-3.0.0.tgz"
  integrity sha512-y/mWCZinnvxjTKYhJ+pYxwD0mRLVvOtdS2Awbgxln6iEnt4rk0yBxeSBHkGJcPucRiG0e55mwWp+g/05rsrd6w==

typescript@^4.9.4:
  version "4.9.4"
  resolved "https://registry.yarnpkg.com/typescript/-/typescript-4.9.4.tgz#a2a3d2756c079abda241d75f149df9d561091e78"
  integrity sha512-Uz+dTXYzxXXbsFpM86Wh3dKCxrQqUcVMxwU54orwlJjOpO3ao8L7j5lH+dWfTwgCwIuM9GQ2kvVotzYJMXTBZg==

ws@8.11.0:
  version "8.11.0"
  resolved "https://registry.yarnpkg.com/ws/-/ws-8.11.0.tgz#6a0d36b8edfd9f96d8b25683db2f8d7de6e8e143"
  integrity sha512-HPG3wQd9sNQoT9xHyNCXoDUa+Xw/VevmY9FoHyQ+g+rrMn4j6FB4np7Z0OhdTgjx6MgQLK7jwSy1YecU1+4Asg==
